// !$*UTF8*$!
{
	archiveVersion = 1;
	classes = {
	};
	objectVersion = 46;
	objects = {

/* Begin PBXBuildFile section */
		8E030ACA1DAB8AF600668087 /* demo.gif in Resources */ = {isa = PBXBuildFile; fileRef = 8E030AC91DAB8AF600668087 /* demo.gif */; };
		8E030AD21DAB986800668087 /* GLPlaneGeometry.m in Sources */ = {isa = PBXBuildFile; fileRef = 8E030AD11DAB986800668087 /* GLPlaneGeometry.m */; };
		8E030AD51DAB9B2E00668087 /* monkey.mtl in Resources */ = {isa = PBXBuildFile; fileRef = 8E030AD31DAB9B2E00668087 /* monkey.mtl */; };
		8E030AD61DAB9B2E00668087 /* monkey.obj in Resources */ = {isa = PBXBuildFile; fileRef = 8E030AD41DAB9B2E00668087 /* monkey.obj */; };
		8E4B12DB1DA9DFD800363A75 /* GLWaveFrontGeometry.m in Sources */ = {isa = PBXBuildFile; fileRef = 8E4B12DA1DA9DFD800363A75 /* GLWaveFrontGeometry.m */; };
		8E7EA61F1D9E2BBE0099989A /* main.m in Sources */ = {isa = PBXBuildFile; fileRef = 8E7EA61E1D9E2BBE0099989A /* main.m */; };
		8E7EA6221D9E2BBE0099989A /* AppDelegate.m in Sources */ = {isa = PBXBuildFile; fileRef = 8E7EA6211D9E2BBE0099989A /* AppDelegate.m */; };
		8E7EA6241D9E2BBE0099989A /* Shader.fsh in Resources */ = {isa = PBXBuildFile; fileRef = 8E7EA6231D9E2BBE0099989A /* Shader.fsh */; };
		8E7EA6261D9E2BBE0099989A /* Shader.vsh in Resources */ = {isa = PBXBuildFile; fileRef = 8E7EA6251D9E2BBE0099989A /* Shader.vsh */; };
		8E7EA6291D9E2BBE0099989A /* GameViewController.m in Sources */ = {isa = PBXBuildFile; fileRef = 8E7EA6281D9E2BBE0099989A /* GameViewController.m */; };
		8E7EA62C1D9E2BBE0099989A /* Main.storyboard in Resources */ = {isa = PBXBuildFile; fileRef = 8E7EA62A1D9E2BBE0099989A /* Main.storyboard */; };
		8E7EA62E1D9E2BBE0099989A /* Assets.xcassets in Resources */ = {isa = PBXBuildFile; fileRef = 8E7EA62D1D9E2BBE0099989A /* Assets.xcassets */; };
		8E7EA6311D9E2BBE0099989A /* LaunchScreen.storyboard in Resources */ = {isa = PBXBuildFile; fileRef = 8E7EA62F1D9E2BBE0099989A /* LaunchScreen.storyboard */; };
		8E7EA63C1D9E2BBE0099989A /* OpenESRDTests.m in Sources */ = {isa = PBXBuildFile; fileRef = 8E7EA63B1D9E2BBE0099989A /* OpenESRDTests.m */; };
		8E7EA6471D9E2BBE0099989A /* OpenESRDUITests.m in Sources */ = {isa = PBXBuildFile; fileRef = 8E7EA6461D9E2BBE0099989A /* OpenESRDUITests.m */; };
		8E7EA69C1D9E41610099989A /* texture.png in Resources */ = {isa = PBXBuildFile; fileRef = 8E7EA69B1D9E41610099989A /* texture.png */; };
		8E7EA69F1D9E436B0099989A /* UIImage+GL.m in Sources */ = {isa = PBXBuildFile; fileRef = 8E7EA69E1D9E436B0099989A /* UIImage+GL.m */; };
		8E96CCFC1DA8FF840060CE97 /* GLTransform.mm in Sources */ = {isa = PBXBuildFile; fileRef = 8E96CCFB1DA8FF840060CE97 /* GLTransform.mm */; };
		8EE78E291DA88E2E00F611D5 /* GLGeometry.m in Sources */ = {isa = PBXBuildFile; fileRef = 8EE78E271DA88E2E00F611D5 /* GLGeometry.m */; };
		D309437B1DA698630077D87B /* tiny_obj_loader.cc in Sources */ = {isa = PBXBuildFile; fileRef = D30943791DA698630077D87B /* tiny_obj_loader.cc */; };
		D309437E1DA698A40077D87B /* GLWaveFrontFile.mm in Sources */ = {isa = PBXBuildFile; fileRef = D309437D1DA698A40077D87B /* GLWaveFrontFile.mm */; };
		D30943811DA69A060077D87B /* cube.mtl in Resources */ = {isa = PBXBuildFile; fileRef = D309437F1DA69A060077D87B /* cube.mtl */; };
		D30943821DA69A060077D87B /* cube.obj in Resources */ = {isa = PBXBuildFile; fileRef = D30943801DA69A060077D87B /* cube.obj */; };
		D30943841DA6A5C20077D87B /* cube2.obj in Resources */ = {isa = PBXBuildFile; fileRef = D30943831DA6A5C20077D87B /* cube2.obj */; };
		D30943861DA6ADFA0077D87B /* plane.obj in Resources */ = {isa = PBXBuildFile; fileRef = D30943851DA6ADFA0077D87B /* plane.obj */; };
		D30943881DA7A4A20077D87B /* cube2.scn in Resources */ = {isa = PBXBuildFile; fileRef = D30943871DA7A4A20077D87B /* cube2.scn */; };
		D30943CD1DA7AC700077D87B /* cube3.obj in Resources */ = {isa = PBXBuildFile; fileRef = D30943CC1DA7AC700077D87B /* cube3.obj */; };
		D30943D11DA7DA2F0077D87B /* GLProgram.m in Sources */ = {isa = PBXBuildFile; fileRef = D30943D01DA7DA2F0077D87B /* GLProgram.m */; };
		D30943D31DA7DF950077D87B /* Cube VBO in Resources */ = {isa = PBXBuildFile; fileRef = D30943D21DA7DF950077D87B /* Cube VBO */; };
		D30943D61DA7E0D50077D87B /* GLWorld.m in Sources */ = {isa = PBXBuildFile; fileRef = D30943D51DA7E0D50077D87B /* GLWorld.m */; };
		D3DF45151DABE09F00904744 /* ball.obj in Resources */ = {isa = PBXBuildFile; fileRef = D3DF45141DABE09F00904744 /* ball.obj */; };
		D3DF45171DABE61400904744 /* scene.obj in Resources */ = {isa = PBXBuildFile; fileRef = D3DF45161DABE61400904744 /* scene.obj */; };
		D3DF451A1DAD4A3B00904744 /* cone.mtl in Resources */ = {isa = PBXBuildFile; fileRef = D3DF45181DAD4A3B00904744 /* cone.mtl */; };
		D3DF451B1DAD4A3B00904744 /* cone.obj in Resources */ = {isa = PBXBuildFile; fileRef = D3DF45191DAD4A3B00904744 /* cone.obj */; };
		D3DF451E1DAD4AD400904744 /* ball2.mtl in Resources */ = {isa = PBXBuildFile; fileRef = D3DF451C1DAD4AD400904744 /* ball2.mtl */; };
		D3DF451F1DAD4AD400904744 /* ball2.obj in Resources */ = {isa = PBXBuildFile; fileRef = D3DF451D1DAD4AD400904744 /* ball2.obj */; };
		D3DF45221DAE85DF00904744 /* GLMaterial.m in Sources */ = {isa = PBXBuildFile; fileRef = D3DF45211DAE85DF00904744 /* GLMaterial.m */; };
/* End PBXBuildFile section */

/* Begin PBXContainerItemProxy section */
		8E7EA6381D9E2BBE0099989A /* PBXContainerItemProxy */ = {
			isa = PBXContainerItemProxy;
			containerPortal = 8E7EA6121D9E2BBE0099989A /* Project object */;
			proxyType = 1;
			remoteGlobalIDString = 8E7EA6191D9E2BBE0099989A;
			remoteInfo = OpenESRD;
		};
		8E7EA6431D9E2BBE0099989A /* PBXContainerItemProxy */ = {
			isa = PBXContainerItemProxy;
			containerPortal = 8E7EA6121D9E2BBE0099989A /* Project object */;
			proxyType = 1;
			remoteGlobalIDString = 8E7EA6191D9E2BBE0099989A;
			remoteInfo = OpenESRD;
		};
/* End PBXContainerItemProxy section */

/* Begin PBXFileReference section */
		8E030AC91DAB8AF600668087 /* demo.gif */ = {isa = PBXFileReference; lastKnownFileType = image.gif; path = demo.gif; sourceTree = "<group>"; };
		8E030AD01DAB986800668087 /* GLPlaneGeometry.h */ = {isa = PBXFileReference; fileEncoding = 4; lastKnownFileType = sourcecode.c.h; path = GLPlaneGeometry.h; sourceTree = "<group>"; };
		8E030AD11DAB986800668087 /* GLPlaneGeometry.m */ = {isa = PBXFileReference; fileEncoding = 4; lastKnownFileType = sourcecode.c.objc; path = GLPlaneGeometry.m; sourceTree = "<group>"; };
		8E030AD31DAB9B2E00668087 /* monkey.mtl */ = {isa = PBXFileReference; fileEncoding = 4; lastKnownFileType = text; path = monkey.mtl; sourceTree = "<group>"; };
		8E030AD41DAB9B2E00668087 /* monkey.obj */ = {isa = PBXFileReference; fileEncoding = 4; lastKnownFileType = text; path = monkey.obj; sourceTree = "<group>"; };
		8E4B12D91DA9DFD800363A75 /* GLWaveFrontGeometry.h */ = {isa = PBXFileReference; fileEncoding = 4; lastKnownFileType = sourcecode.c.h; path = GLWaveFrontGeometry.h; sourceTree = "<group>"; };
		8E4B12DA1DA9DFD800363A75 /* GLWaveFrontGeometry.m */ = {isa = PBXFileReference; fileEncoding = 4; lastKnownFileType = sourcecode.c.objc; path = GLWaveFrontGeometry.m; sourceTree = "<group>"; };
		8E7EA61A1D9E2BBE0099989A /* OpenESRD.app */ = {isa = PBXFileReference; explicitFileType = wrapper.application; includeInIndex = 0; path = OpenESRD.app; sourceTree = BUILT_PRODUCTS_DIR; };
		8E7EA61E1D9E2BBE0099989A /* main.m */ = {isa = PBXFileReference; lastKnownFileType = sourcecode.c.objc; path = main.m; sourceTree = "<group>"; };
		8E7EA6201D9E2BBE0099989A /* AppDelegate.h */ = {isa = PBXFileReference; lastKnownFileType = sourcecode.c.h; path = AppDelegate.h; sourceTree = "<group>"; };
		8E7EA6211D9E2BBE0099989A /* AppDelegate.m */ = {isa = PBXFileReference; lastKnownFileType = sourcecode.c.objc; path = AppDelegate.m; sourceTree = "<group>"; };
		8E7EA6231D9E2BBE0099989A /* Shader.fsh */ = {isa = PBXFileReference; lastKnownFileType = sourcecode.glsl; name = Shader.fsh; path = Shaders/Shader.fsh; sourceTree = "<group>"; };
		8E7EA6251D9E2BBE0099989A /* Shader.vsh */ = {isa = PBXFileReference; lastKnownFileType = sourcecode.glsl; name = Shader.vsh; path = Shaders/Shader.vsh; sourceTree = "<group>"; };
		8E7EA6271D9E2BBE0099989A /* GameViewController.h */ = {isa = PBXFileReference; lastKnownFileType = sourcecode.c.h; path = GameViewController.h; sourceTree = "<group>"; };
		8E7EA6281D9E2BBE0099989A /* GameViewController.m */ = {isa = PBXFileReference; lastKnownFileType = sourcecode.c.objc; path = GameViewController.m; sourceTree = "<group>"; };
		8E7EA62B1D9E2BBE0099989A /* Base */ = {isa = PBXFileReference; lastKnownFileType = file.storyboard; name = Base; path = Base.lproj/Main.storyboard; sourceTree = "<group>"; };
		8E7EA62D1D9E2BBE0099989A /* Assets.xcassets */ = {isa = PBXFileReference; lastKnownFileType = folder.assetcatalog; path = Assets.xcassets; sourceTree = "<group>"; };
		8E7EA6301D9E2BBE0099989A /* Base */ = {isa = PBXFileReference; lastKnownFileType = file.storyboard; name = Base; path = Base.lproj/LaunchScreen.storyboard; sourceTree = "<group>"; };
		8E7EA6321D9E2BBE0099989A /* Info.plist */ = {isa = PBXFileReference; lastKnownFileType = text.plist.xml; path = Info.plist; sourceTree = "<group>"; };
		8E7EA6371D9E2BBE0099989A /* OpenESRDTests.xctest */ = {isa = PBXFileReference; explicitFileType = wrapper.cfbundle; includeInIndex = 0; path = OpenESRDTests.xctest; sourceTree = BUILT_PRODUCTS_DIR; };
		8E7EA63B1D9E2BBE0099989A /* OpenESRDTests.m */ = {isa = PBXFileReference; lastKnownFileType = sourcecode.c.objc; path = OpenESRDTests.m; sourceTree = "<group>"; };
		8E7EA63D1D9E2BBE0099989A /* Info.plist */ = {isa = PBXFileReference; lastKnownFileType = text.plist.xml; path = Info.plist; sourceTree = "<group>"; };
		8E7EA6421D9E2BBE0099989A /* OpenESRDUITests.xctest */ = {isa = PBXFileReference; explicitFileType = wrapper.cfbundle; includeInIndex = 0; path = OpenESRDUITests.xctest; sourceTree = BUILT_PRODUCTS_DIR; };
		8E7EA6461D9E2BBE0099989A /* OpenESRDUITests.m */ = {isa = PBXFileReference; lastKnownFileType = sourcecode.c.objc; path = OpenESRDUITests.m; sourceTree = "<group>"; };
		8E7EA6481D9E2BBE0099989A /* Info.plist */ = {isa = PBXFileReference; lastKnownFileType = text.plist.xml; path = Info.plist; sourceTree = "<group>"; };
		8E7EA69B1D9E41610099989A /* texture.png */ = {isa = PBXFileReference; lastKnownFileType = image.png; path = texture.png; sourceTree = "<group>"; };
		8E7EA69D1D9E436B0099989A /* UIImage+GL.h */ = {isa = PBXFileReference; fileEncoding = 4; lastKnownFileType = sourcecode.c.h; name = "UIImage+GL.h"; path = "../UIImage+GL.h"; sourceTree = "<group>"; };
		8E7EA69E1D9E436B0099989A /* UIImage+GL.m */ = {isa = PBXFileReference; fileEncoding = 4; lastKnownFileType = sourcecode.c.objc; name = "UIImage+GL.m"; path = "../UIImage+GL.m"; sourceTree = "<group>"; };
		8E96CCFA1DA8FF840060CE97 /* GLTransform.h */ = {isa = PBXFileReference; fileEncoding = 4; lastKnownFileType = sourcecode.c.h; path = GLTransform.h; sourceTree = "<group>"; };
		8E96CCFB1DA8FF840060CE97 /* GLTransform.mm */ = {isa = PBXFileReference; fileEncoding = 4; lastKnownFileType = sourcecode.cpp.objcpp; path = GLTransform.mm; sourceTree = "<group>"; };
		8EE78E261DA88E2E00F611D5 /* GLGeometry.h */ = {isa = PBXFileReference; fileEncoding = 4; lastKnownFileType = sourcecode.c.h; path = GLGeometry.h; sourceTree = "<group>"; };
		8EE78E271DA88E2E00F611D5 /* GLGeometry.m */ = {isa = PBXFileReference; fileEncoding = 4; lastKnownFileType = sourcecode.c.objc; lineEnding = 0; path = GLGeometry.m; sourceTree = "<group>"; xcLanguageSpecificationIdentifier = xcode.lang.objc; };
		8EE78E281DA88E2E00F611D5 /* GLDefines.h */ = {isa = PBXFileReference; fileEncoding = 4; lastKnownFileType = sourcecode.c.h; path = GLDefines.h; sourceTree = "<group>"; };
		D30943791DA698630077D87B /* tiny_obj_loader.cc */ = {isa = PBXFileReference; fileEncoding = 4; lastKnownFileType = sourcecode.cpp.cpp; name = tiny_obj_loader.cc; path = objloader/tiny_obj_loader.cc; sourceTree = "<group>"; };
		D309437A1DA698630077D87B /* tiny_obj_loader.h */ = {isa = PBXFileReference; fileEncoding = 4; lastKnownFileType = sourcecode.c.h; name = tiny_obj_loader.h; path = objloader/tiny_obj_loader.h; sourceTree = "<group>"; };
		D309437C1DA698A40077D87B /* GLWaveFrontFile.h */ = {isa = PBXFileReference; fileEncoding = 4; lastKnownFileType = sourcecode.c.h; lineEnding = 0; path = GLWaveFrontFile.h; sourceTree = "<group>"; xcLanguageSpecificationIdentifier = xcode.lang.objcpp; };
		D309437D1DA698A40077D87B /* GLWaveFrontFile.mm */ = {isa = PBXFileReference; fileEncoding = 4; lastKnownFileType = sourcecode.cpp.objcpp; lineEnding = 0; path = GLWaveFrontFile.mm; sourceTree = "<group>"; xcLanguageSpecificationIdentifier = xcode.lang.objcpp; };
		D309437F1DA69A060077D87B /* cube.mtl */ = {isa = PBXFileReference; fileEncoding = 4; lastKnownFileType = text; name = cube.mtl; path = objloader/cube.mtl; sourceTree = "<group>"; };
		D30943801DA69A060077D87B /* cube.obj */ = {isa = PBXFileReference; fileEncoding = 4; lastKnownFileType = text; name = cube.obj; path = objloader/cube.obj; sourceTree = "<group>"; };
		D30943831DA6A5C20077D87B /* cube2.obj */ = {isa = PBXFileReference; fileEncoding = 4; lastKnownFileType = text; name = cube2.obj; path = objloader/cube2.obj; sourceTree = "<group>"; };
		D30943851DA6ADFA0077D87B /* plane.obj */ = {isa = PBXFileReference; fileEncoding = 4; lastKnownFileType = text; name = plane.obj; path = objloader/plane.obj; sourceTree = "<group>"; };
		D30943871DA7A4A20077D87B /* cube2.scn */ = {isa = PBXFileReference; lastKnownFileType = file.bplist; name = cube2.scn; path = objloader/cube2.scn; sourceTree = "<group>"; };
		D30943CC1DA7AC700077D87B /* cube3.obj */ = {isa = PBXFileReference; fileEncoding = 4; lastKnownFileType = text; name = cube3.obj; path = objloader/cube3.obj; sourceTree = "<group>"; };
		D30943CF1DA7DA2F0077D87B /* GLProgram.h */ = {isa = PBXFileReference; fileEncoding = 4; lastKnownFileType = sourcecode.c.h; path = GLProgram.h; sourceTree = "<group>"; };
		D30943D01DA7DA2F0077D87B /* GLProgram.m */ = {isa = PBXFileReference; fileEncoding = 4; lastKnownFileType = sourcecode.c.objc; path = GLProgram.m; sourceTree = "<group>"; };
		D30943D21DA7DF950077D87B /* Cube VBO */ = {isa = PBXFileReference; fileEncoding = 4; lastKnownFileType = text; name = "Cube VBO"; path = "objloader/Cube VBO"; sourceTree = "<group>"; };
		D30943D41DA7E0D50077D87B /* GLWorld.h */ = {isa = PBXFileReference; fileEncoding = 4; lastKnownFileType = sourcecode.c.h; path = GLWorld.h; sourceTree = "<group>"; };
		D30943D51DA7E0D50077D87B /* GLWorld.m */ = {isa = PBXFileReference; fileEncoding = 4; lastKnownFileType = sourcecode.c.objc; path = GLWorld.m; sourceTree = "<group>"; };
		D3DF45141DABE09F00904744 /* ball.obj */ = {isa = PBXFileReference; fileEncoding = 4; lastKnownFileType = text; path = ball.obj; sourceTree = "<group>"; };
		D3DF45161DABE61400904744 /* scene.obj */ = {isa = PBXFileReference; fileEncoding = 4; lastKnownFileType = text; path = scene.obj; sourceTree = "<group>"; };
		D3DF45181DAD4A3B00904744 /* cone.mtl */ = {isa = PBXFileReference; fileEncoding = 4; lastKnownFileType = text; path = cone.mtl; sourceTree = "<group>"; };
		D3DF45191DAD4A3B00904744 /* cone.obj */ = {isa = PBXFileReference; fileEncoding = 4; lastKnownFileType = text; path = cone.obj; sourceTree = "<group>"; };
		D3DF451C1DAD4AD400904744 /* ball2.mtl */ = {isa = PBXFileReference; fileEncoding = 4; lastKnownFileType = text; path = ball2.mtl; sourceTree = "<group>"; };
		D3DF451D1DAD4AD400904744 /* ball2.obj */ = {isa = PBXFileReference; fileEncoding = 4; lastKnownFileType = text; path = ball2.obj; sourceTree = "<group>"; };
		D3DF45201DAE85DF00904744 /* GLMaterial.h */ = {isa = PBXFileReference; fileEncoding = 4; lastKnownFileType = sourcecode.c.h; path = GLMaterial.h; sourceTree = "<group>"; };
		D3DF45211DAE85DF00904744 /* GLMaterial.m */ = {isa = PBXFileReference; fileEncoding = 4; lastKnownFileType = sourcecode.c.objc; path = GLMaterial.m; sourceTree = "<group>"; };
/* End PBXFileReference section */

/* Begin PBXFrameworksBuildPhase section */
		8E7EA6171D9E2BBE0099989A /* Frameworks */ = {
			isa = PBXFrameworksBuildPhase;
			buildActionMask = 2147483647;
			files = (
			);
			runOnlyForDeploymentPostprocessing = 0;
		};
		8E7EA6341D9E2BBE0099989A /* Frameworks */ = {
			isa = PBXFrameworksBuildPhase;
			buildActionMask = 2147483647;
			files = (
			);
			runOnlyForDeploymentPostprocessing = 0;
		};
		8E7EA63F1D9E2BBE0099989A /* Frameworks */ = {
			isa = PBXFrameworksBuildPhase;
			buildActionMask = 2147483647;
			files = (
			);
			runOnlyForDeploymentPostprocessing = 0;
		};
/* End PBXFrameworksBuildPhase section */

/* Begin PBXGroup section */
		8E030AC61DAB899A00668087 /* Geometry */ = {
			isa = PBXGroup;
			children = (
				8E4B12D91DA9DFD800363A75 /* GLWaveFrontGeometry.h */,
				8E4B12DA1DA9DFD800363A75 /* GLWaveFrontGeometry.m */,
				8E030AD01DAB986800668087 /* GLPlaneGeometry.h */,
				8E030AD11DAB986800668087 /* GLPlaneGeometry.m */,
				8EE78E261DA88E2E00F611D5 /* GLGeometry.h */,
				8EE78E271DA88E2E00F611D5 /* GLGeometry.m */,
			);
			name = Geometry;
			sourceTree = "<group>";
		};
		8E030AC71DAB89AD00668087 /* Core */ = {
			isa = PBXGroup;
			children = (
				8EE78E281DA88E2E00F611D5 /* GLDefines.h */,
				D3DF45201DAE85DF00904744 /* GLMaterial.h */,
				D3DF45211DAE85DF00904744 /* GLMaterial.m */,
				D309437C1DA698A40077D87B /* GLWaveFrontFile.h */,
				D309437D1DA698A40077D87B /* GLWaveFrontFile.mm */,
				D30943CF1DA7DA2F0077D87B /* GLProgram.h */,
				D30943D01DA7DA2F0077D87B /* GLProgram.m */,
				D30943D41DA7E0D50077D87B /* GLWorld.h */,
				D30943D51DA7E0D50077D87B /* GLWorld.m */,
				8E96CCFA1DA8FF840060CE97 /* GLTransform.h */,
				8E96CCFB1DA8FF840060CE97 /* GLTransform.mm */,
			);
			name = Core;
			sourceTree = "<group>";
		};
		8E030AC81DAB89C200668087 /* Util */ = {
			isa = PBXGroup;
			children = (
				8E7EA69D1D9E436B0099989A /* UIImage+GL.h */,
				8E7EA69E1D9E436B0099989A /* UIImage+GL.m */,
			);
			name = Util;
			sourceTree = "<group>";
		};
		8E030ACE1DAB981200668087 /* Shaders */ = {
			isa = PBXGroup;
			children = (
				8E030ACF1DAB981700668087 /* Default */,
			);
			name = Shaders;
			sourceTree = "<group>";
		};
		8E030ACF1DAB981700668087 /* Default */ = {
			isa = PBXGroup;
			children = (
				8E7EA6231D9E2BBE0099989A /* Shader.fsh */,
				8E7EA6251D9E2BBE0099989A /* Shader.vsh */,
			);
			name = Default;
			sourceTree = "<group>";
		};
		8E4B12DD1DA9E2BE00363A75 /* Third Party */ = {
			isa = PBXGroup;
			children = (
				D30943791DA698630077D87B /* tiny_obj_loader.cc */,
				D309437A1DA698630077D87B /* tiny_obj_loader.h */,
			);
			name = "Third Party";
			sourceTree = "<group>";
		};
		8E7EA6111D9E2BBE0099989A = {
			isa = PBXGroup;
			children = (
				8E7EA61C1D9E2BBE0099989A /* OpenESRD */,
				8E7EA63A1D9E2BBE0099989A /* OpenESRDTests */,
				8E7EA6451D9E2BBE0099989A /* OpenESRDUITests */,
				8E7EA61B1D9E2BBE0099989A /* Products */,
			);
			sourceTree = "<group>";
		};
		8E7EA61B1D9E2BBE0099989A /* Products */ = {
			isa = PBXGroup;
			children = (
				8E7EA61A1D9E2BBE0099989A /* OpenESRD.app */,
				8E7EA6371D9E2BBE0099989A /* OpenESRDTests.xctest */,
				8E7EA6421D9E2BBE0099989A /* OpenESRDUITests.xctest */,
			);
			name = Products;
			sourceTree = "<group>";
		};
		8E7EA61C1D9E2BBE0099989A /* OpenESRD */ = {
			isa = PBXGroup;
			children = (
				8E030ACE1DAB981200668087 /* Shaders */,
				8E4B12DD1DA9E2BE00363A75 /* Third Party */,
				D30943CE1DA7D9FC0077D87B /* 3D Models */,
				D30943781DA698630077D87B /* GLUtil */,
				8E7EA69B1D9E41610099989A /* texture.png */,
				8E7EA6201D9E2BBE0099989A /* AppDelegate.h */,
				8E7EA6211D9E2BBE0099989A /* AppDelegate.m */,
				8E7EA6271D9E2BBE0099989A /* GameViewController.h */,
				8E7EA6281D9E2BBE0099989A /* GameViewController.m */,
				8E7EA62A1D9E2BBE0099989A /* Main.storyboard */,
				8E7EA62D1D9E2BBE0099989A /* Assets.xcassets */,
				8E7EA62F1D9E2BBE0099989A /* LaunchScreen.storyboard */,
				8E7EA6321D9E2BBE0099989A /* Info.plist */,
				8E7EA61D1D9E2BBE0099989A /* Supporting Files */,
			);
			path = OpenESRD;
			sourceTree = "<group>";
		};
		8E7EA61D1D9E2BBE0099989A /* Supporting Files */ = {
			isa = PBXGroup;
			children = (
				8E7EA61E1D9E2BBE0099989A /* main.m */,
			);
			name = "Supporting Files";
			sourceTree = "<group>";
		};
		8E7EA63A1D9E2BBE0099989A /* OpenESRDTests */ = {
			isa = PBXGroup;
			children = (
				8E7EA63B1D9E2BBE0099989A /* OpenESRDTests.m */,
				8E7EA63D1D9E2BBE0099989A /* Info.plist */,
			);
			path = OpenESRDTests;
			sourceTree = "<group>";
		};
		8E7EA6451D9E2BBE0099989A /* OpenESRDUITests */ = {
			isa = PBXGroup;
			children = (
				8E7EA6461D9E2BBE0099989A /* OpenESRDUITests.m */,
				8E7EA6481D9E2BBE0099989A /* Info.plist */,
			);
			path = OpenESRDUITests;
			sourceTree = "<group>";
		};
		D30943781DA698630077D87B /* GLUtil */ = {
			isa = PBXGroup;
			children = (
				8E030AC81DAB89C200668087 /* Util */,
				8E030AC71DAB89AD00668087 /* Core */,
				8E030AC61DAB899A00668087 /* Geometry */,
			);
			name = GLUtil;
			path = objloader;
			sourceTree = "<group>";
		};
		D30943CE1DA7D9FC0077D87B /* 3D Models */ = {
			isa = PBXGroup;
			children = (
				D3DF451C1DAD4AD400904744 /* ball2.mtl */,
				D3DF451D1DAD4AD400904744 /* ball2.obj */,
				D3DF45181DAD4A3B00904744 /* cone.mtl */,
				D3DF45191DAD4A3B00904744 /* cone.obj */,
				D3DF45161DABE61400904744 /* scene.obj */,
				D3DF45141DABE09F00904744 /* ball.obj */,
				8E030AD31DAB9B2E00668087 /* monkey.mtl */,
				8E030AD41DAB9B2E00668087 /* monkey.obj */,
				8E030AC91DAB8AF600668087 /* demo.gif */,
				D30943D21DA7DF950077D87B /* Cube VBO */,
				D30943CC1DA7AC700077D87B /* cube3.obj */,
				D30943851DA6ADFA0077D87B /* plane.obj */,
				D30943831DA6A5C20077D87B /* cube2.obj */,
				D30943871DA7A4A20077D87B /* cube2.scn */,
				D309437F1DA69A060077D87B /* cube.mtl */,
				D30943801DA69A060077D87B /* cube.obj */,
			);
			name = "3D Models";
			sourceTree = "<group>";
		};
/* End PBXGroup section */

/* Begin PBXNativeTarget section */
		8E7EA6191D9E2BBE0099989A /* OpenESRD */ = {
			isa = PBXNativeTarget;
			buildConfigurationList = 8E7EA64B1D9E2BBE0099989A /* Build configuration list for PBXNativeTarget "OpenESRD" */;
			buildPhases = (
				8E7EA6161D9E2BBE0099989A /* Sources */,
				8E7EA6171D9E2BBE0099989A /* Frameworks */,
				8E7EA6181D9E2BBE0099989A /* Resources */,
			);
			buildRules = (
			);
			dependencies = (
			);
			name = OpenESRD;
			productName = OpenESRD;
			productReference = 8E7EA61A1D9E2BBE0099989A /* OpenESRD.app */;
			productType = "com.apple.product-type.application";
		};
		8E7EA6361D9E2BBE0099989A /* OpenESRDTests */ = {
			isa = PBXNativeTarget;
			buildConfigurationList = 8E7EA64E1D9E2BBE0099989A /* Build configuration list for PBXNativeTarget "OpenESRDTests" */;
			buildPhases = (
				8E7EA6331D9E2BBE0099989A /* Sources */,
				8E7EA6341D9E2BBE0099989A /* Frameworks */,
				8E7EA6351D9E2BBE0099989A /* Resources */,
			);
			buildRules = (
			);
			dependencies = (
				8E7EA6391D9E2BBE0099989A /* PBXTargetDependency */,
			);
			name = OpenESRDTests;
			productName = OpenESRDTests;
			productReference = 8E7EA6371D9E2BBE0099989A /* OpenESRDTests.xctest */;
			productType = "com.apple.product-type.bundle.unit-test";
		};
		8E7EA6411D9E2BBE0099989A /* OpenESRDUITests */ = {
			isa = PBXNativeTarget;
			buildConfigurationList = 8E7EA6511D9E2BBE0099989A /* Build configuration list for PBXNativeTarget "OpenESRDUITests" */;
			buildPhases = (
				8E7EA63E1D9E2BBE0099989A /* Sources */,
				8E7EA63F1D9E2BBE0099989A /* Frameworks */,
				8E7EA6401D9E2BBE0099989A /* Resources */,
			);
			buildRules = (
			);
			dependencies = (
				8E7EA6441D9E2BBE0099989A /* PBXTargetDependency */,
			);
			name = OpenESRDUITests;
			productName = OpenESRDUITests;
			productReference = 8E7EA6421D9E2BBE0099989A /* OpenESRDUITests.xctest */;
			productType = "com.apple.product-type.bundle.ui-testing";
		};
/* End PBXNativeTarget section */

/* Begin PBXProject section */
		8E7EA6121D9E2BBE0099989A /* Project object */ = {
			isa = PBXProject;
			attributes = {
				LastUpgradeCheck = 0800;
				ORGANIZATIONNAME = wangyang;
				TargetAttributes = {
					8E7EA6191D9E2BBE0099989A = {
						CreatedOnToolsVersion = 8.0;
						DevelopmentTeam = P48344HVQL;
						ProvisioningStyle = Automatic;
					};
					8E7EA6361D9E2BBE0099989A = {
						CreatedOnToolsVersion = 8.0;
						DevelopmentTeam = P48344HVQL;
						ProvisioningStyle = Automatic;
						TestTargetID = 8E7EA6191D9E2BBE0099989A;
					};
					8E7EA6411D9E2BBE0099989A = {
						CreatedOnToolsVersion = 8.0;
						DevelopmentTeam = P48344HVQL;
						ProvisioningStyle = Automatic;
						TestTargetID = 8E7EA6191D9E2BBE0099989A;
					};
				};
			};
			buildConfigurationList = 8E7EA6151D9E2BBE0099989A /* Build configuration list for PBXProject "OpenESRD" */;
			compatibilityVersion = "Xcode 3.2";
			developmentRegion = English;
			hasScannedForEncodings = 0;
			knownRegions = (
				en,
				Base,
			);
			mainGroup = 8E7EA6111D9E2BBE0099989A;
			productRefGroup = 8E7EA61B1D9E2BBE0099989A /* Products */;
			projectDirPath = "";
			projectRoot = "";
			targets = (
				8E7EA6191D9E2BBE0099989A /* OpenESRD */,
				8E7EA6361D9E2BBE0099989A /* OpenESRDTests */,
				8E7EA6411D9E2BBE0099989A /* OpenESRDUITests */,
			);
		};
/* End PBXProject section */

/* Begin PBXResourcesBuildPhase section */
		8E7EA6181D9E2BBE0099989A /* Resources */ = {
			isa = PBXResourcesBuildPhase;
			buildActionMask = 2147483647;
			files = (
				D30943CD1DA7AC700077D87B /* cube3.obj in Resources */,
				D30943841DA6A5C20077D87B /* cube2.obj in Resources */,
				D30943821DA69A060077D87B /* cube.obj in Resources */,
				D30943861DA6ADFA0077D87B /* plane.obj in Resources */,
				8E7EA62C1D9E2BBE0099989A /* Main.storyboard in Resources */,
				8E7EA6261D9E2BBE0099989A /* Shader.vsh in Resources */,
				D3DF451B1DAD4A3B00904744 /* cone.obj in Resources */,
				D3DF451F1DAD4AD400904744 /* ball2.obj in Resources */,
				8E030AD61DAB9B2E00668087 /* monkey.obj in Resources */,
				8E7EA62E1D9E2BBE0099989A /* Assets.xcassets in Resources */,
				D3DF451E1DAD4AD400904744 /* ball2.mtl in Resources */,
				8E030AD51DAB9B2E00668087 /* monkey.mtl in Resources */,
				D30943881DA7A4A20077D87B /* cube2.scn in Resources */,
				D3DF45171DABE61400904744 /* scene.obj in Resources */,
				8E7EA69C1D9E41610099989A /* texture.png in Resources */,
				8E7EA6311D9E2BBE0099989A /* LaunchScreen.storyboard in Resources */,
				D3DF45151DABE09F00904744 /* ball.obj in Resources */,
				8E7EA6241D9E2BBE0099989A /* Shader.fsh in Resources */,
				D30943D31DA7DF950077D87B /* Cube VBO in Resources */,
				D30943811DA69A060077D87B /* cube.mtl in Resources */,
				8E030ACA1DAB8AF600668087 /* demo.gif in Resources */,
				D3DF451A1DAD4A3B00904744 /* cone.mtl in Resources */,
			);
			runOnlyForDeploymentPostprocessing = 0;
		};
		8E7EA6351D9E2BBE0099989A /* Resources */ = {
			isa = PBXResourcesBuildPhase;
			buildActionMask = 2147483647;
			files = (
			);
			runOnlyForDeploymentPostprocessing = 0;
		};
		8E7EA6401D9E2BBE0099989A /* Resources */ = {
			isa = PBXResourcesBuildPhase;
			buildActionMask = 2147483647;
			files = (
			);
			runOnlyForDeploymentPostprocessing = 0;
		};
/* End PBXResourcesBuildPhase section */

/* Begin PBXSourcesBuildPhase section */
		8E7EA6161D9E2BBE0099989A /* Sources */ = {
			isa = PBXSourcesBuildPhase;
			buildActionMask = 2147483647;
			files = (
				8EE78E291DA88E2E00F611D5 /* GLGeometry.m in Sources */,
				8E96CCFC1DA8FF840060CE97 /* GLTransform.mm in Sources */,
				8E7EA69F1D9E436B0099989A /* UIImage+GL.m in Sources */,
				D309437E1DA698A40077D87B /* GLWaveFrontFile.mm in Sources */,
				D30943D11DA7DA2F0077D87B /* GLProgram.m in Sources */,
				8E7EA6221D9E2BBE0099989A /* AppDelegate.m in Sources */,
				D3DF45221DAE85DF00904744 /* GLMaterial.m in Sources */,
				D309437B1DA698630077D87B /* tiny_obj_loader.cc in Sources */,
				D30943D61DA7E0D50077D87B /* GLWorld.m in Sources */,
				8E4B12DB1DA9DFD800363A75 /* GLWaveFrontGeometry.m in Sources */,
				8E7EA6291D9E2BBE0099989A /* GameViewController.m in Sources */,
				8E7EA61F1D9E2BBE0099989A /* main.m in Sources */,
				8E030AD21DAB986800668087 /* GLPlaneGeometry.m in Sources */,
			);
			runOnlyForDeploymentPostprocessing = 0;
		};
		8E7EA6331D9E2BBE0099989A /* Sources */ = {
			isa = PBXSourcesBuildPhase;
			buildActionMask = 2147483647;
			files = (
				8E7EA63C1D9E2BBE0099989A /* OpenESRDTests.m in Sources */,
			);
			runOnlyForDeploymentPostprocessing = 0;
		};
		8E7EA63E1D9E2BBE0099989A /* Sources */ = {
			isa = PBXSourcesBuildPhase;
			buildActionMask = 2147483647;
			files = (
				8E7EA6471D9E2BBE0099989A /* OpenESRDUITests.m in Sources */,
			);
			runOnlyForDeploymentPostprocessing = 0;
		};
/* End PBXSourcesBuildPhase section */

/* Begin PBXTargetDependency section */
		8E7EA6391D9E2BBE0099989A /* PBXTargetDependency */ = {
			isa = PBXTargetDependency;
			target = 8E7EA6191D9E2BBE0099989A /* OpenESRD */;
			targetProxy = 8E7EA6381D9E2BBE0099989A /* PBXContainerItemProxy */;
		};
		8E7EA6441D9E2BBE0099989A /* PBXTargetDependency */ = {
			isa = PBXTargetDependency;
			target = 8E7EA6191D9E2BBE0099989A /* OpenESRD */;
			targetProxy = 8E7EA6431D9E2BBE0099989A /* PBXContainerItemProxy */;
		};
/* End PBXTargetDependency section */

/* Begin PBXVariantGroup section */
		8E7EA62A1D9E2BBE0099989A /* Main.storyboard */ = {
			isa = PBXVariantGroup;
			children = (
				8E7EA62B1D9E2BBE0099989A /* Base */,
			);
			name = Main.storyboard;
			sourceTree = "<group>";
		};
		8E7EA62F1D9E2BBE0099989A /* LaunchScreen.storyboard */ = {
			isa = PBXVariantGroup;
			children = (
				8E7EA6301D9E2BBE0099989A /* Base */,
			);
			name = LaunchScreen.storyboard;
			sourceTree = "<group>";
		};
/* End PBXVariantGroup section */

/* Begin XCBuildConfiguration section */
		8E7EA6491D9E2BBE0099989A /* Debug */ = {
			isa = XCBuildConfiguration;
			buildSettings = {
				ALWAYS_SEARCH_USER_PATHS = NO;
				CLANG_ANALYZER_NONNULL = YES;
				CLANG_CXX_LANGUAGE_STANDARD = "gnu++0x";
				CLANG_CXX_LIBRARY = "libc++";
				CLANG_ENABLE_MODULES = YES;
				CLANG_ENABLE_OBJC_ARC = YES;
				CLANG_WARN_BOOL_CONVERSION = YES;
				CLANG_WARN_CONSTANT_CONVERSION = YES;
				CLANG_WARN_DIRECT_OBJC_ISA_USAGE = YES_ERROR;
				CLANG_WARN_DOCUMENTATION_COMMENTS = YES;
				CLANG_WARN_EMPTY_BODY = YES;
				CLANG_WARN_ENUM_CONVERSION = YES;
				CLANG_WARN_INFINITE_RECURSION = YES;
				CLANG_WARN_INT_CONVERSION = YES;
				CLANG_WARN_OBJC_ROOT_CLASS = YES_ERROR;
				CLANG_WARN_SUSPICIOUS_MOVES = YES;
				CLANG_WARN_UNREACHABLE_CODE = YES;
				CLANG_WARN__DUPLICATE_METHOD_MATCH = YES;
				"CODE_SIGN_IDENTITY[sdk=iphoneos*]" = "iPhone Developer";
				COPY_PHASE_STRIP = NO;
				DEBUG_INFORMATION_FORMAT = dwarf;
				ENABLE_STRICT_OBJC_MSGSEND = YES;
				ENABLE_TESTABILITY = YES;
				GCC_C_LANGUAGE_STANDARD = gnu99;
				GCC_DYNAMIC_NO_PIC = NO;
				GCC_NO_COMMON_BLOCKS = YES;
				GCC_OPTIMIZATION_LEVEL = 0;
				GCC_PREPROCESSOR_DEFINITIONS = (
					"DEBUG=1",
					"$(inherited)",
				);
				GCC_WARN_64_TO_32_BIT_CONVERSION = YES;
				GCC_WARN_ABOUT_RETURN_TYPE = YES_ERROR;
				GCC_WARN_UNDECLARED_SELECTOR = YES;
				GCC_WARN_UNINITIALIZED_AUTOS = YES_AGGRESSIVE;
				GCC_WARN_UNUSED_FUNCTION = YES;
				GCC_WARN_UNUSED_VARIABLE = YES;
				IPHONEOS_DEPLOYMENT_TARGET = 10.0;
				MTL_ENABLE_DEBUG_INFO = YES;
				ONLY_ACTIVE_ARCH = YES;
				SDKROOT = iphoneos;
			};
			name = Debug;
		};
		8E7EA64A1D9E2BBE0099989A /* Release */ = {
			isa = XCBuildConfiguration;
			buildSettings = {
				ALWAYS_SEARCH_USER_PATHS = NO;
				CLANG_ANALYZER_NONNULL = YES;
				CLANG_CXX_LANGUAGE_STANDARD = "gnu++0x";
				CLANG_CXX_LIBRARY = "libc++";
				CLANG_ENABLE_MODULES = YES;
				CLANG_ENABLE_OBJC_ARC = YES;
				CLANG_WARN_BOOL_CONVERSION = YES;
				CLANG_WARN_CONSTANT_CONVERSION = YES;
				CLANG_WARN_DIRECT_OBJC_ISA_USAGE = YES_ERROR;
				CLANG_WARN_DOCUMENTATION_COMMENTS = YES;
				CLANG_WARN_EMPTY_BODY = YES;
				CLANG_WARN_ENUM_CONVERSION = YES;
				CLANG_WARN_INFINITE_RECURSION = YES;
				CLANG_WARN_INT_CONVERSION = YES;
				CLANG_WARN_OBJC_ROOT_CLASS = YES_ERROR;
				CLANG_WARN_SUSPICIOUS_MOVES = YES;
				CLANG_WARN_UNREACHABLE_CODE = YES;
				CLANG_WARN__DUPLICATE_METHOD_MATCH = YES;
				"CODE_SIGN_IDENTITY[sdk=iphoneos*]" = "iPhone Developer";
				COPY_PHASE_STRIP = NO;
				DEBUG_INFORMATION_FORMAT = "dwarf-with-dsym";
				ENABLE_NS_ASSERTIONS = NO;
				ENABLE_STRICT_OBJC_MSGSEND = YES;
				GCC_C_LANGUAGE_STANDARD = gnu99;
				GCC_NO_COMMON_BLOCKS = YES;
				GCC_WARN_64_TO_32_BIT_CONVERSION = YES;
				GCC_WARN_ABOUT_RETURN_TYPE = YES_ERROR;
				GCC_WARN_UNDECLARED_SELECTOR = YES;
				GCC_WARN_UNINITIALIZED_AUTOS = YES_AGGRESSIVE;
				GCC_WARN_UNUSED_FUNCTION = YES;
				GCC_WARN_UNUSED_VARIABLE = YES;
				IPHONEOS_DEPLOYMENT_TARGET = 10.0;
				MTL_ENABLE_DEBUG_INFO = NO;
				SDKROOT = iphoneos;
				VALIDATE_PRODUCT = YES;
			};
			name = Release;
		};
		8E7EA64C1D9E2BBE0099989A /* Debug */ = {
			isa = XCBuildConfiguration;
			buildSettings = {
				ASSETCATALOG_COMPILER_APPICON_NAME = AppIcon;
				DEVELOPMENT_TEAM = P48344HVQL;
				HEADER_SEARCH_PATHS = "$(PROJECT_DIR)/OpenESRD";
				INFOPLIST_FILE = OpenESRD/Info.plist;
				LD_RUNPATH_SEARCH_PATHS = "$(inherited) @executable_path/Frameworks";
				PRODUCT_BUNDLE_IDENTIFIER = me.ocean.OpenESRD;
				PRODUCT_NAME = "$(TARGET_NAME)";
			};
			name = Debug;
		};
		8E7EA64D1D9E2BBE0099989A /* Release */ = {
			isa = XCBuildConfiguration;
			buildSettings = {
				ASSETCATALOG_COMPILER_APPICON_NAME = AppIcon;
				DEVELOPMENT_TEAM = P48344HVQL;
				HEADER_SEARCH_PATHS = "$(PROJECT_DIR)/OpenESRD";
				INFOPLIST_FILE = OpenESRD/Info.plist;
				LD_RUNPATH_SEARCH_PATHS = "$(inherited) @executable_path/Frameworks";
				PRODUCT_BUNDLE_IDENTIFIER = me.ocean.OpenESRD;
				PRODUCT_NAME = "$(TARGET_NAME)";
			};
			name = Release;
		};
		8E7EA64F1D9E2BBE0099989A /* Debug */ = {
			isa = XCBuildConfiguration;
			buildSettings = {
				BUNDLE_LOADER = "$(TEST_HOST)";
				DEVELOPMENT_TEAM = P48344HVQL;
				INFOPLIST_FILE = OpenESRDTests/Info.plist;
				LD_RUNPATH_SEARCH_PATHS = "$(inherited) @executable_path/Frameworks @loader_path/Frameworks";
				PRODUCT_BUNDLE_IDENTIFIER = me.ocean.OpenESRDTests;
				PRODUCT_NAME = "$(TARGET_NAME)";
				TEST_HOST = "$(BUILT_PRODUCTS_DIR)/OpenESRD.app/OpenESRD";
			};
			name = Debug;
		};
		8E7EA6501D9E2BBE0099989A /* Release */ = {
			isa = XCBuildConfiguration;
			buildSettings = {
				BUNDLE_LOADER = "$(TEST_HOST)";
				DEVELOPMENT_TEAM = P48344HVQL;
				INFOPLIST_FILE = OpenESRDTests/Info.plist;
				LD_RUNPATH_SEARCH_PATHS = "$(inherited) @executable_path/Frameworks @loader_path/Frameworks";
				PRODUCT_BUNDLE_IDENTIFIER = me.ocean.OpenESRDTests;
				PRODUCT_NAME = "$(TARGET_NAME)";
				TEST_HOST = "$(BUILT_PRODUCTS_DIR)/OpenESRD.app/OpenESRD";
			};
			name = Release;
		};
		8E7EA6521D9E2BBE0099989A /* Debug */ = {
			isa = XCBuildConfiguration;
			buildSettings = {
				DEVELOPMENT_TEAM = P48344HVQL;
				INFOPLIST_FILE = OpenESRDUITests/Info.plist;
				LD_RUNPATH_SEARCH_PATHS = "$(inherited) @executable_path/Frameworks @loader_path/Frameworks";
				PRODUCT_BUNDLE_IDENTIFIER = me.ocean.OpenESRDUITests;
				PRODUCT_NAME = "$(TARGET_NAME)";
				TEST_TARGET_NAME = OpenESRD;
			};
			name = Debug;
		};
		8E7EA6531D9E2BBE0099989A /* Release */ = {
			isa = XCBuildConfiguration;
			buildSettings = {
				DEVELOPMENT_TEAM = P48344HVQL;
				INFOPLIST_FILE = OpenESRDUITests/Info.plist;
				LD_RUNPATH_SEARCH_PATHS = "$(inherited) @executable_path/Frameworks @loader_path/Frameworks";
				PRODUCT_BUNDLE_IDENTIFIER = me.ocean.OpenESRDUITests;
				PRODUCT_NAME = "$(TARGET_NAME)";
				TEST_TARGET_NAME = OpenESRD;
			};
			name = Release;
		};
/* End XCBuildConfiguration section */

/* Begin XCConfigurationList section */
		8E7EA6151D9E2BBE0099989A /* Build configuration list for PBXProject "OpenESRD" */ = {
			isa = XCConfigurationList;
			buildConfigurations = (
				8E7EA6491D9E2BBE0099989A /* Debug */,
				8E7EA64A1D9E2BBE0099989A /* Release */,
			);
			defaultConfigurationIsVisible = 0;
			defaultConfigurationName = Release;
		};
		8E7EA64B1D9E2BBE0099989A /* Build configuration list for PBXNativeTarget "OpenESRD" */ = {
			isa = XCConfigurationList;
			buildConfigurations = (
				8E7EA64C1D9E2BBE0099989A /* Debug */,
				8E7EA64D1D9E2BBE0099989A /* Release */,
			);
			defaultConfigurationIsVisible = 0;
			defaultConfigurationName = Release;
		};
		8E7EA64E1D9E2BBE0099989A /* Build configuration list for PBXNativeTarget "OpenESRDTests" */ = {
			isa = XCConfigurationList;
			buildConfigurations = (
				8E7EA64F1D9E2BBE0099989A /* Debug */,
				8E7EA6501D9E2BBE0099989A /* Release */,
			);
			defaultConfigurationIsVisible = 0;
			defaultConfigurationName = Release;
		};
		8E7EA6511D9E2BBE0099989A /* Build configuration list for PBXNativeTarget "OpenESRDUITests" */ = {
			isa = XCConfigurationList;
			buildConfigurations = (
				8E7EA6521D9E2BBE0099989A /* Debug */,
				8E7EA6531D9E2BBE0099989A /* Release */,
			);
			defaultConfigurationIsVisible = 0;
			defaultConfigurationName = Release;
		};
/* End XCConfigurationList section */
	};
	rootObject = 8E7EA6121D9E2BBE0099989A /* Project object */;
}
